// !$*UTF8*$!
{
	archiveVersion = 1;
	classes = {
	};
	objectVersion = 50;
	objects = {

/* Begin PBXBuildFile section */
		97564F1C20E207A7007DAE93 /* AppDelegate.swift in Sources */ = {isa = PBXBuildFile; fileRef = 97564F1B20E207A7007DAE93 /* AppDelegate.swift */; };
		97564F1E20E207A7007DAE93 /* ViewController.swift in Sources */ = {isa = PBXBuildFile; fileRef = 97564F1D20E207A7007DAE93 /* ViewController.swift */; };
		97564F2120E207A7007DAE93 /* Main.storyboard in Resources */ = {isa = PBXBuildFile; fileRef = 97564F1F20E207A7007DAE93 /* Main.storyboard */; };
		97564F2320E207A7007DAE93 /* Assets.xcassets in Resources */ = {isa = PBXBuildFile; fileRef = 97564F2220E207A7007DAE93 /* Assets.xcassets */; };
		97564F2620E207A7007DAE93 /* LaunchScreen.storyboard in Resources */ = {isa = PBXBuildFile; fileRef = 97564F2420E207A7007DAE93 /* LaunchScreen.storyboard */; };
		97564F3120E207A8007DAE93 /* TableViewDemoTests.swift in Sources */ = {isa = PBXBuildFile; fileRef = 97564F3020E207A8007DAE93 /* TableViewDemoTests.swift */; };
		97564F3C20E207A8007DAE93 /* TableViewDemoUITests.swift in Sources */ = {isa = PBXBuildFile; fileRef = 97564F3B20E207A8007DAE93 /* TableViewDemoUITests.swift */; };
		97564F4C20E20A8B007DAE93 /* ViewControllerOne.swift in Sources */ = {isa = PBXBuildFile; fileRef = 97564F4B20E20A8B007DAE93 /* ViewControllerOne.swift */; };
		97564F4E20E20A9E007DAE93 /* ViewControllerTwo.swift in Sources */ = {isa = PBXBuildFile; fileRef = 97564F4D20E20A9E007DAE93 /* ViewControllerTwo.swift */; };
		97564F5220E20C98007DAE93 /* TableViewCellTwo.swift in Sources */ = {isa = PBXBuildFile; fileRef = 97564F5120E20C98007DAE93 /* TableViewCellTwo.swift */; };
		97564F5420E20F82007DAE93 /* CellData.swift in Sources */ = {isa = PBXBuildFile; fileRef = 97564F5320E20F82007DAE93 /* CellData.swift */; };
		97842F2B20E35CC40066D346 /* HeaderView.swift in Sources */ = {isa = PBXBuildFile; fileRef = 97842F2A20E35CC40066D346 /* HeaderView.swift */; };
		97842F2D20E36FD50066D346 /* SectionModel.swift in Sources */ = {isa = PBXBuildFile; fileRef = 97842F2C20E36FD50066D346 /* SectionModel.swift */; };
		97842F2F20E371560066D346 /* TableViewHeaderView.swift in Sources */ = {isa = PBXBuildFile; fileRef = 97842F2E20E371560066D346 /* TableViewHeaderView.swift */; };
		97842F3120E37B050066D346 /* ViewControllerThree.swift in Sources */ = {isa = PBXBuildFile; fileRef = 97842F3020E37B050066D346 /* ViewControllerThree.swift */; };
/* End PBXBuildFile section */

/* Begin PBXContainerItemProxy section */
		97564F2D20E207A8007DAE93 /* PBXContainerItemProxy */ = {
			isa = PBXContainerItemProxy;
			containerPortal = 97564F1020E207A6007DAE93 /* Project object */;
			proxyType = 1;
			remoteGlobalIDString = 97564F1720E207A6007DAE93;
			remoteInfo = TableViewDemo;
		};
		97564F3820E207A8007DAE93 /* PBXContainerItemProxy */ = {
			isa = PBXContainerItemProxy;
			containerPortal = 97564F1020E207A6007DAE93 /* Project object */;
			proxyType = 1;
			remoteGlobalIDString = 97564F1720E207A6007DAE93;
			remoteInfo = TableViewDemo;
		};
/* End PBXContainerItemProxy section */

/* Begin PBXFileReference section */
		97564F1820E207A6007DAE93 /* TableViewDemo.app */ = {isa = PBXFileReference; explicitFileType = wrapper.application; includeInIndex = 0; path = TableViewDemo.app; sourceTree = BUILT_PRODUCTS_DIR; };
		97564F1B20E207A7007DAE93 /* AppDelegate.swift */ = {isa = PBXFileReference; lastKnownFileType = sourcecode.swift; path = AppDelegate.swift; sourceTree = "<group>"; };
		97564F1D20E207A7007DAE93 /* ViewController.swift */ = {isa = PBXFileReference; lastKnownFileType = sourcecode.swift; path = ViewController.swift; sourceTree = "<group>"; };
		97564F2020E207A7007DAE93 /* Base */ = {isa = PBXFileReference; lastKnownFileType = file.storyboard; name = Base; path = Base.lproj/Main.storyboard; sourceTree = "<group>"; };
		97564F2220E207A7007DAE93 /* Assets.xcassets */ = {isa = PBXFileReference; lastKnownFileType = folder.assetcatalog; path = Assets.xcassets; sourceTree = "<group>"; };
		97564F2520E207A7007DAE93 /* Base */ = {isa = PBXFileReference; lastKnownFileType = file.storyboard; name = Base; path = Base.lproj/LaunchScreen.storyboard; sourceTree = "<group>"; };
		97564F2720E207A7007DAE93 /* Info.plist */ = {isa = PBXFileReference; lastKnownFileType = text.plist.xml; path = Info.plist; sourceTree = "<group>"; };
		97564F2C20E207A8007DAE93 /* TableViewDemoTests.xctest */ = {isa = PBXFileReference; explicitFileType = wrapper.cfbundle; includeInIndex = 0; path = TableViewDemoTests.xctest; sourceTree = BUILT_PRODUCTS_DIR; };
		97564F3020E207A8007DAE93 /* TableViewDemoTests.swift */ = {isa = PBXFileReference; lastKnownFileType = sourcecode.swift; path = TableViewDemoTests.swift; sourceTree = "<group>"; };
		97564F3220E207A8007DAE93 /* Info.plist */ = {isa = PBXFileReference; lastKnownFileType = text.plist.xml; path = Info.plist; sourceTree = "<group>"; };
		97564F3720E207A8007DAE93 /* TableViewDemoUITests.xctest */ = {isa = PBXFileReference; explicitFileType = wrapper.cfbundle; includeInIndex = 0; path = TableViewDemoUITests.xctest; sourceTree = BUILT_PRODUCTS_DIR; };
		97564F3B20E207A8007DAE93 /* TableViewDemoUITests.swift */ = {isa = PBXFileReference; lastKnownFileType = sourcecode.swift; path = TableViewDemoUITests.swift; sourceTree = "<group>"; };
		97564F3D20E207A8007DAE93 /* Info.plist */ = {isa = PBXFileReference; lastKnownFileType = text.plist.xml; path = Info.plist; sourceTree = "<group>"; };
		97564F4B20E20A8B007DAE93 /* ViewControllerOne.swift */ = {isa = PBXFileReference; lastKnownFileType = sourcecode.swift; path = ViewControllerOne.swift; sourceTree = "<group>"; };
		97564F4D20E20A9E007DAE93 /* ViewControllerTwo.swift */ = {isa = PBXFileReference; lastKnownFileType = sourcecode.swift; path = ViewControllerTwo.swift; sourceTree = "<group>"; };
		97564F5120E20C98007DAE93 /* TableViewCellTwo.swift */ = {isa = PBXFileReference; lastKnownFileType = sourcecode.swift; path = TableViewCellTwo.swift; sourceTree = "<group>"; };
		97564F5320E20F82007DAE93 /* CellData.swift */ = {isa = PBXFileReference; lastKnownFileType = sourcecode.swift; path = CellData.swift; sourceTree = "<group>"; };
		97842F2A20E35CC40066D346 /* HeaderView.swift */ = {isa = PBXFileReference; lastKnownFileType = sourcecode.swift; path = HeaderView.swift; sourceTree = "<group>"; };
		97842F2C20E36FD50066D346 /* SectionModel.swift */ = {isa = PBXFileReference; lastKnownFileType = sourcecode.swift; path = SectionModel.swift; sourceTree = "<group>"; };
		97842F2E20E371560066D346 /* TableViewHeaderView.swift */ = {isa = PBXFileReference; lastKnownFileType = sourcecode.swift; path = TableViewHeaderView.swift; sourceTree = "<group>"; };
		97842F3020E37B050066D346 /* ViewControllerThree.swift */ = {isa = PBXFileReference; fileEncoding = 4; lastKnownFileType = sourcecode.swift; path = ViewControllerThree.swift; sourceTree = "<group>"; };
/* End PBXFileReference section */

/* Begin PBXFrameworksBuildPhase section */
		97564F1520E207A6007DAE93 /* Frameworks */ = {
			isa = PBXFrameworksBuildPhase;
			buildActionMask = 2147483647;
			files = (
			);
			runOnlyForDeploymentPostprocessing = 0;
		};
		97564F2920E207A8007DAE93 /* Frameworks */ = {
			isa = PBXFrameworksBuildPhase;
			buildActionMask = 2147483647;
			files = (
			);
			runOnlyForDeploymentPostprocessing = 0;
		};
		97564F3420E207A8007DAE93 /* Frameworks */ = {
			isa = PBXFrameworksBuildPhase;
			buildActionMask = 2147483647;
			files = (
			);
			runOnlyForDeploymentPostprocessing = 0;
		};
/* End PBXFrameworksBuildPhase section */

/* Begin PBXGroup section */
		97564F0F20E207A6007DAE93 = {
			isa = PBXGroup;
			children = (
				97564F1A20E207A6007DAE93 /* TableViewDemo */,
				97564F2F20E207A8007DAE93 /* TableViewDemoTests */,
				97564F3A20E207A8007DAE93 /* TableViewDemoUITests */,
				97564F1920E207A6007DAE93 /* Products */,
			);
			sourceTree = "<group>";
		};
		97564F1920E207A6007DAE93 /* Products */ = {
			isa = PBXGroup;
			children = (
				97564F1820E207A6007DAE93 /* TableViewDemo.app */,
				97564F2C20E207A8007DAE93 /* TableViewDemoTests.xctest */,
				97564F3720E207A8007DAE93 /* TableViewDemoUITests.xctest */,
			);
			name = Products;
			sourceTree = "<group>";
		};
		97564F1A20E207A6007DAE93 /* TableViewDemo */ = {
			isa = PBXGroup;
			children = (
				97564F1B20E207A7007DAE93 /* AppDelegate.swift */,
				97564F1D20E207A7007DAE93 /* ViewController.swift */,
				97564F4B20E20A8B007DAE93 /* ViewControllerOne.swift */,
				97564F4D20E20A9E007DAE93 /* ViewControllerTwo.swift */,
				97842F3020E37B050066D346 /* ViewControllerThree.swift */,
				97564F5120E20C98007DAE93 /* TableViewCellTwo.swift */,
				97564F5320E20F82007DAE93 /* CellData.swift */,
				97842F2A20E35CC40066D346 /* HeaderView.swift */,
				97842F2E20E371560066D346 /* TableViewHeaderView.swift */,
				97842F2C20E36FD50066D346 /* SectionModel.swift */,
				97564F1F20E207A7007DAE93 /* Main.storyboard */,
				97564F2220E207A7007DAE93 /* Assets.xcassets */,
				97564F2420E207A7007DAE93 /* LaunchScreen.storyboard */,
				97564F2720E207A7007DAE93 /* Info.plist */,
			);
			path = TableViewDemo;
			sourceTree = "<group>";
		};
		97564F2F20E207A8007DAE93 /* TableViewDemoTests */ = {
			isa = PBXGroup;
			children = (
				97564F3020E207A8007DAE93 /* TableViewDemoTests.swift */,
				97564F3220E207A8007DAE93 /* Info.plist */,
			);
			path = TableViewDemoTests;
			sourceTree = "<group>";
		};
		97564F3A20E207A8007DAE93 /* TableViewDemoUITests */ = {
			isa = PBXGroup;
			children = (
				97564F3B20E207A8007DAE93 /* TableViewDemoUITests.swift */,
				97564F3D20E207A8007DAE93 /* Info.plist */,
			);
			path = TableViewDemoUITests;
			sourceTree = "<group>";
		};
/* End PBXGroup section */

/* Begin PBXNativeTarget section */
		97564F1720E207A6007DAE93 /* TableViewDemo */ = {
			isa = PBXNativeTarget;
			buildConfigurationList = 97564F4020E207A8007DAE93 /* Build configuration list for PBXNativeTarget "TableViewDemo" */;
			buildPhases = (
				97564F1420E207A6007DAE93 /* Sources */,
				97564F1520E207A6007DAE93 /* Frameworks */,
				97564F1620E207A6007DAE93 /* Resources */,
			);
			buildRules = (
			);
			dependencies = (
			);
			name = TableViewDemo;
			productName = TableViewDemo;
			productReference = 97564F1820E207A6007DAE93 /* TableViewDemo.app */;
			productType = "com.apple.product-type.application";
		};
		97564F2B20E207A8007DAE93 /* TableViewDemoTests */ = {
			isa = PBXNativeTarget;
			buildConfigurationList = 97564F4320E207A8007DAE93 /* Build configuration list for PBXNativeTarget "TableViewDemoTests" */;
			buildPhases = (
				97564F2820E207A8007DAE93 /* Sources */,
				97564F2920E207A8007DAE93 /* Frameworks */,
				97564F2A20E207A8007DAE93 /* Resources */,
			);
			buildRules = (
			);
			dependencies = (
				97564F2E20E207A8007DAE93 /* PBXTargetDependency */,
			);
			name = TableViewDemoTests;
			productName = TableViewDemoTests;
			productReference = 97564F2C20E207A8007DAE93 /* TableViewDemoTests.xctest */;
			productType = "com.apple.product-type.bundle.unit-test";
		};
		97564F3620E207A8007DAE93 /* TableViewDemoUITests */ = {
			isa = PBXNativeTarget;
			buildConfigurationList = 97564F4620E207A8007DAE93 /* Build configuration list for PBXNativeTarget "TableViewDemoUITests" */;
			buildPhases = (
				97564F3320E207A8007DAE93 /* Sources */,
				97564F3420E207A8007DAE93 /* Frameworks */,
				97564F3520E207A8007DAE93 /* Resources */,
			);
			buildRules = (
			);
			dependencies = (
				97564F3920E207A8007DAE93 /* PBXTargetDependency */,
			);
			name = TableViewDemoUITests;
			productName = TableViewDemoUITests;
			productReference = 97564F3720E207A8007DAE93 /* TableViewDemoUITests.xctest */;
			productType = "com.apple.product-type.bundle.ui-testing";
		};
/* End PBXNativeTarget section */

/* Begin PBXProject section */
		97564F1020E207A6007DAE93 /* Project object */ = {
			isa = PBXProject;
			attributes = {
				LastSwiftUpdateCheck = 0930;
				LastUpgradeCheck = 0930;
				ORGANIZATIONNAME = WH;
				TargetAttributes = {
					97564F1720E207A6007DAE93 = {
						CreatedOnToolsVersion = 9.3;
					};
					97564F2B20E207A8007DAE93 = {
						CreatedOnToolsVersion = 9.3;
						TestTargetID = 97564F1720E207A6007DAE93;
					};
					97564F3620E207A8007DAE93 = {
						CreatedOnToolsVersion = 9.3;
						TestTargetID = 97564F1720E207A6007DAE93;
					};
				};
			};
			buildConfigurationList = 97564F1320E207A6007DAE93 /* Build configuration list for PBXProject "TableViewDemo" */;
			compatibilityVersion = "Xcode 9.3";
			developmentRegion = en;
			hasScannedForEncodings = 0;
			knownRegions = (
				en,
				Base,
			);
			mainGroup = 97564F0F20E207A6007DAE93;
			productRefGroup = 97564F1920E207A6007DAE93 /* Products */;
			projectDirPath = "";
			projectRoot = "";
			targets = (
				97564F1720E207A6007DAE93 /* TableViewDemo */,
				97564F2B20E207A8007DAE93 /* TableViewDemoTests */,
				97564F3620E207A8007DAE93 /* TableViewDemoUITests */,
			);
		};
/* End PBXProject section */

/* Begin PBXResourcesBuildPhase section */
		97564F1620E207A6007DAE93 /* Resources */ = {
			isa = PBXResourcesBuildPhase;
			buildActionMask = 2147483647;
			files = (
				97564F2620E207A7007DAE93 /* LaunchScreen.storyboard in Resources */,
				97564F2320E207A7007DAE93 /* Assets.xcassets in Resources */,
				97564F2120E207A7007DAE93 /* Main.storyboard in Resources */,
			);
			runOnlyForDeploymentPostprocessing = 0;
		};
		97564F2A20E207A8007DAE93 /* Resources */ = {
			isa = PBXResourcesBuildPhase;
			buildActionMask = 2147483647;
			files = (
			);
			runOnlyForDeploymentPostprocessing = 0;
		};
		97564F3520E207A8007DAE93 /* Resources */ = {
			isa = PBXResourcesBuildPhase;
			buildActionMask = 2147483647;
			files = (
			);
			runOnlyForDeploymentPostprocessing = 0;
		};
/* End PBXResourcesBuildPhase section */

/* Begin PBXSourcesBuildPhase section */
		97564F1420E207A6007DAE93 /* Sources */ = {
			isa = PBXSourcesBuildPhase;
			buildActionMask = 2147483647;
			files = (
				97842F2F20E371560066D346 /* TableViewHeaderView.swift in Sources */,
				97564F4C20E20A8B007DAE93 /* ViewControllerOne.swift in Sources */,
				97842F2D20E36FD50066D346 /* SectionModel.swift in Sources */,
				97564F1E20E207A7007DAE93 /* ViewController.swift in Sources */,
				97564F1C20E207A7007DAE93 /* AppDelegate.swift in Sources */,
				97842F3120E37B050066D346 /* ViewControllerThree.swift in Sources */,
				97564F5420E20F82007DAE93 /* CellData.swift in Sources */,
				97564F5220E20C98007DAE93 /* TableViewCellTwo.swift in Sources */,
				97564F4E20E20A9E007DAE93 /* ViewControllerTwo.swift in Sources */,
				97842F2B20E35CC40066D346 /* HeaderView.swift in Sources */,
			);
			runOnlyForDeploymentPostprocessing = 0;
		};
		97564F2820E207A8007DAE93 /* Sources */ = {
			isa = PBXSourcesBuildPhase;
			buildActionMask = 2147483647;
			files = (
				97564F3120E207A8007DAE93 /* TableViewDemoTests.swift in Sources */,
			);
			runOnlyForDeploymentPostprocessing = 0;
		};
		97564F3320E207A8007DAE93 /* Sources */ = {
			isa = PBXSourcesBuildPhase;
			buildActionMask = 2147483647;
			files = (
				97564F3C20E207A8007DAE93 /* TableViewDemoUITests.swift in Sources */,
			);
			runOnlyForDeploymentPostprocessing = 0;
		};
/* End PBXSourcesBuildPhase section */

/* Begin PBXTargetDependency section */
		97564F2E20E207A8007DAE93 /* PBXTargetDependency */ = {
			isa = PBXTargetDependency;
			target = 97564F1720E207A6007DAE93 /* TableViewDemo */;
			targetProxy = 97564F2D20E207A8007DAE93 /* PBXContainerItemProxy */;
		};
		97564F3920E207A8007DAE93 /* PBXTargetDependency */ = {
			isa = PBXTargetDependency;
			target = 97564F1720E207A6007DAE93 /* TableViewDemo */;
			targetProxy = 97564F3820E207A8007DAE93 /* PBXContainerItemProxy */;
		};
/* End PBXTargetDependency section */

/* Begin PBXVariantGroup section */
		97564F1F20E207A7007DAE93 /* Main.storyboard */ = {
			isa = PBXVariantGroup;
			children = (
				97564F2020E207A7007DAE93 /* Base */,
			);
			name = Main.storyboard;
			sourceTree = "<group>";
		};
		97564F2420E207A7007DAE93 /* LaunchScreen.storyboard */ = {
			isa = PBXVariantGroup;
			children = (
				97564F2520E207A7007DAE93 /* Base */,
			);
			name = LaunchScreen.storyboard;
			sourceTree = "<group>";
		};
/* End PBXVariantGroup section */

/* Begin XCBuildConfiguration section */
		97564F3E20E207A8007DAE93 /* Debug */ = {
			isa = XCBuildConfiguration;
			buildSettings = {
				ALWAYS_SEARCH_USER_PATHS = NO;
				CLANG_ANALYZER_NONNULL = YES;
				CLANG_ANALYZER_NUMBER_OBJECT_CONVERSION = YES_AGGRESSIVE;
				CLANG_CXX_LANGUAGE_STANDARD = "gnu++14";
				CLANG_CXX_LIBRARY = "libc++";
				CLANG_ENABLE_MODULES = YES;
				CLANG_ENABLE_OBJC_ARC = YES;
				CLANG_ENABLE_OBJC_WEAK = YES;
				CLANG_WARN_BLOCK_CAPTURE_AUTORELEASING = YES;
				CLANG_WARN_BOOL_CONVERSION = YES;
				CLANG_WARN_COMMA = YES;
				CLANG_WARN_CONSTANT_CONVERSION = YES;
				CLANG_WARN_DEPRECATED_OBJC_IMPLEMENTATIONS = YES;
				CLANG_WARN_DIRECT_OBJC_ISA_USAGE = YES_ERROR;
				CLANG_WARN_DOCUMENTATION_COMMENTS = YES;
				CLANG_WARN_EMPTY_BODY = YES;
				CLANG_WARN_ENUM_CONVERSION = YES;
				CLANG_WARN_INFINITE_RECURSION = YES;
				CLANG_WARN_INT_CONVERSION = YES;
				CLANG_WARN_NON_LITERAL_NULL_CONVERSION = YES;
				CLANG_WARN_OBJC_IMPLICIT_RETAIN_SELF = YES;
				CLANG_WARN_OBJC_LITERAL_CONVERSION = YES;
				CLANG_WARN_OBJC_ROOT_CLASS = YES_ERROR;
				CLANG_WARN_RANGE_LOOP_ANALYSIS = YES;
				CLANG_WARN_STRICT_PROTOTYPES = YES;
				CLANG_WARN_SUSPICIOUS_MOVE = YES;
				CLANG_WARN_UNGUARDED_AVAILABILITY = YES_AGGRESSIVE;
				CLANG_WARN_UNREACHABLE_CODE = YES;
				CLANG_WARN__DUPLICATE_METHOD_MATCH = YES;
				CODE_SIGN_IDENTITY = "iPhone Developer";
				COPY_PHASE_STRIP = NO;
				DEBUG_INFORMATION_FORMAT = dwarf;
				ENABLE_STRICT_OBJC_MSGSEND = YES;
				ENABLE_TESTABILITY = YES;
				GCC_C_LANGUAGE_STANDARD = gnu11;
				GCC_DYNAMIC_NO_PIC = NO;
				GCC_NO_COMMON_BLOCKS = YES;
				GCC_OPTIMIZATION_LEVEL = 0;
				GCC_PREPROCESSOR_DEFINITIONS = (
					"DEBUG=1",
					"$(inherited)",
				);
				GCC_WARN_64_TO_32_BIT_CONVERSION = YES;
				GCC_WARN_ABOUT_RETURN_TYPE = YES_ERROR;
				GCC_WARN_UNDECLARED_SELECTOR = YES;
				GCC_WARN_UNINITIALIZED_AUTOS = YES_AGGRESSIVE;
				GCC_WARN_UNUSED_FUNCTION = YES;
				GCC_WARN_UNUSED_VARIABLE = YES;
				IPHONEOS_DEPLOYMENT_TARGET = 11.3;
				MTL_ENABLE_DEBUG_INFO = YES;
				ONLY_ACTIVE_ARCH = YES;
				SDKROOT = iphoneos;
				SWIFT_ACTIVE_COMPILATION_CONDITIONS = DEBUG;
				SWIFT_OPTIMIZATION_LEVEL = "-Onone";
			};
			name = Debug;
		};
		97564F3F20E207A8007DAE93 /* Release */ = {
			isa = XCBuildConfiguration;
			buildSettings = {
				ALWAYS_SEARCH_USER_PATHS = NO;
				CLANG_ANALYZER_NONNULL = YES;
				CLANG_ANALYZER_NUMBER_OBJECT_CONVERSION = YES_AGGRESSIVE;
				CLANG_CXX_LANGUAGE_STANDARD = "gnu++14";
				CLANG_CXX_LIBRARY = "libc++";
				CLANG_ENABLE_MODULES = YES;
				CLANG_ENABLE_OBJC_ARC = YES;
				CLANG_ENABLE_OBJC_WEAK = YES;
				CLANG_WARN_BLOCK_CAPTURE_AUTORELEASING = YES;
				CLANG_WARN_BOOL_CONVERSION = YES;
				CLANG_WARN_COMMA = YES;
				CLANG_WARN_CONSTANT_CONVERSION = YES;
				CLANG_WARN_DEPRECATED_OBJC_IMPLEMENTATIONS = YES;
				CLANG_WARN_DIRECT_OBJC_ISA_USAGE = YES_ERROR;
				CLANG_WARN_DOCUMENTATION_COMMENTS = YES;
				CLANG_WARN_EMPTY_BODY = YES;
				CLANG_WARN_ENUM_CONVERSION = YES;
				CLANG_WARN_INFINITE_RECURSION = YES;
				CLANG_WARN_INT_CONVERSION = YES;
				CLANG_WARN_NON_LITERAL_NULL_CONVERSION = YES;
				CLANG_WARN_OBJC_IMPLICIT_RETAIN_SELF = YES;
				CLANG_WARN_OBJC_LITERAL_CONVERSION = YES;
				CLANG_WARN_OBJC_ROOT_CLASS = YES_ERROR;
				CLANG_WARN_RANGE_LOOP_ANALYSIS = YES;
				CLANG_WARN_STRICT_PROTOTYPES = YES;
				CLANG_WARN_SUSPICIOUS_MOVE = YES;
				CLANG_WARN_UNGUARDED_AVAILABILITY = YES_AGGRESSIVE;
				CLANG_WARN_UNREACHABLE_CODE = YES;
				CLANG_WARN__DUPLICATE_METHOD_MATCH = YES;
				CODE_SIGN_IDENTITY = "iPhone Developer";
				COPY_PHASE_STRIP = NO;
				DEBUG_INFORMATION_FORMAT = "dwarf-with-dsym";
				ENABLE_NS_ASSERTIONS = NO;
				ENABLE_STRICT_OBJC_MSGSEND = YES;
				GCC_C_LANGUAGE_STANDARD = gnu11;
				GCC_NO_COMMON_BLOCKS = YES;
				GCC_WARN_64_TO_32_BIT_CONVERSION = YES;
				GCC_WARN_ABOUT_RETURN_TYPE = YES_ERROR;
				GCC_WARN_UNDECLARED_SELECTOR = YES;
				GCC_WARN_UNINITIALIZED_AUTOS = YES_AGGRESSIVE;
				GCC_WARN_UNUSED_FUNCTION = YES;
				GCC_WARN_UNUSED_VARIABLE = YES;
				IPHONEOS_DEPLOYMENT_TARGET = 11.3;
				MTL_ENABLE_DEBUG_INFO = NO;
				SDKROOT = iphoneos;
				SWIFT_COMPILATION_MODE = wholemodule;
				SWIFT_OPTIMIZATION_LEVEL = "-O";
				VALIDATE_PRODUCT = YES;
			};
			name = Release;
		};
		97564F4120E207A8007DAE93 /* Debug */ = {
			isa = XCBuildConfiguration;
			buildSettings = {
				ASSETCATALOG_COMPILER_APPICON_NAME = AppIcon;
				CODE_SIGN_STYLE = Automatic;
				DEVELOPMENT_TEAM = P72ZUNZG2W;
				INFOPLIST_FILE = TableViewDemo/Info.plist;
				IPHONEOS_DEPLOYMENT_TARGET = 9.0;
				LD_RUNPATH_SEARCH_PATHS = (
					"$(inherited)",
					"@executable_path/Frameworks",
				);
				PRODUCT_BUNDLE_IDENTIFIER = S2G.TableViewDemo;
				PRODUCT_NAME = "$(TARGET_NAME)";
				SWIFT_VERSION = 4.0;
				TARGETED_DEVICE_FAMILY = "1,2";
			};
			name = Debug;
		};
		97564F4220E207A8007DAE93 /* Release */ = {
			isa = XCBuildConfiguration;
			buildSettings = {
				ASSETCATALOG_COMPILER_APPICON_NAME = AppIcon;
				CODE_SIGN_STYLE = Automatic;
				DEVELOPMENT_TEAM = P72ZUNZG2W;
				INFOPLIST_FILE = TableViewDemo/Info.plist;
				IPHONEOS_DEPLOYMENT_TARGET = 9.0;
				LD_RUNPATH_SEARCH_PATHS = (
					"$(inherited)",
					"@executable_path/Frameworks",
				);
				PRODUCT_BUNDLE_IDENTIFIER = S2G.TableViewDemo;
				PRODUCT_NAME = "$(TARGET_NAME)";
				SWIFT_VERSION = 4.0;
				TARGETED_DEVICE_FAMILY = "1,2";
			};
			name = Release;
		};
		97564F4420E207A8007DAE93 /* Debug */ = {
			isa = XCBuildConfiguration;
			buildSettings = {
				ALWAYS_EMBED_SWIFT_STANDARD_LIBRARIES = YES;
				BUNDLE_LOADER = "$(TEST_HOST)";
				CODE_SIGN_STYLE = Automatic;
				DEVELOPMENT_TEAM = P72ZUNZG2W;
				INFOPLIST_FILE = TableViewDemoTests/Info.plist;
				LD_RUNPATH_SEARCH_PATHS = (
					"$(inherited)",
					"@executable_path/Frameworks",
					"@loader_path/Frameworks",
				);
				PRODUCT_BUNDLE_IDENTIFIER = S2G.TableViewDemoTests;
				PRODUCT_NAME = "$(TARGET_NAME)";
				SWIFT_VERSION = 4.0;
				TARGETED_DEVICE_FAMILY = "1,2";
				TEST_HOST = "$(BUILT_PRODUCTS_DIR)/TableViewDemo.app/TableViewDemo";
			};
			name = Debug;
		};
		97564F4520E207A8007DAE93 /* Release */ = {
			isa = XCBuildConfiguration;
			buildSettings = {
				ALWAYS_EMBED_SWIFT_STANDARD_LIBRARIES = YES;
				BUNDLE_LOADER = "$(TEST_HOST)";
				CODE_SIGN_STYLE = Automatic;
				DEVELOPMENT_TEAM = P72ZUNZG2W;
				INFOPLIST_FILE = TableViewDemoTests/Info.plist;
				LD_RUNPATH_SEARCH_PATHS = (
					"$(inherited)",
					"@executable_path/Frameworks",
					"@loader_path/Frameworks",
				);
				PRODUCT_BUNDLE_IDENTIFIER = S2G.TableViewDemoTests;
				PRODUCT_NAME = "$(TARGET_NAME)";
				SWIFT_VERSION = 4.0;
				TARGETED_DEVICE_FAMILY = "1,2";
				TEST_HOST = "$(BUILT_PRODUCTS_DIR)/TableViewDemo.app/TableViewDemo";
			};
			name = Release;
		};
		97564F4720E207A8007DAE93 /* Debug */ = {
			isa = XCBuildConfiguration;
			buildSettings = {
				ALWAYS_EMBED_SWIFT_STANDARD_LIBRARIES = YES;
				CODE_SIGN_STYLE = Automatic;
				DEVELOPMENT_TEAM = P72ZUNZG2W;
				INFOPLIST_FILE = TableViewDemoUITests/Info.plist;
				LD_RUNPATH_SEARCH_PATHS = (
					"$(inherited)",
					"@executable_path/Frameworks",
					"@loader_path/Frameworks",
				);
				PRODUCT_BUNDLE_IDENTIFIER = S2G.TableViewDemoUITests;
				PRODUCT_NAME = "$(TARGET_NAME)";
				SWIFT_VERSION = 4.0;
				TARGETED_DEVICE_FAMILY = "1,2";
				TEST_TARGET_NAME = TableViewDemo;
			};
			name = Debug;
		};
		97564F4820E207A8007DAE93 /* Release */ = {
			isa = XCBuildConfiguration;
			buildSettings = {
				ALWAYS_EMBED_SWIFT_STANDARD_LIBRARIES = YES;
				CODE_SIGN_STYLE = Automatic;
				DEVELOPMENT_TEAM = P72ZUNZG2W;
				INFOPLIST_FILE = TableViewDemoUITests/Info.plist;
				LD_RUNPATH_SEARCH_PATHS = (
					"$(inherited)",
					"@executable_path/Frameworks",
					"@loader_path/Frameworks",
				);
				PRODUCT_BUNDLE_IDENTIFIER = S2G.TableViewDemoUITests;
				PRODUCT_NAME = "$(TARGET_NAME)";
				SWIFT_VERSION = 4.0;
				TARGETED_DEVICE_FAMILY = "1,2";
				TEST_TARGET_NAME = TableViewDemo;
			};
			name = Release;
		};
/* End XCBuildConfiguration section */

/* Begin XCConfigurationList section */
		97564F1320E207A6007DAE93 /* Build configuration list for PBXProject "TableViewDemo" */ = {
			isa = XCConfigurationList;
			buildConfigurations = (
				97564F3E20E207A8007DAE93 /* Debug */,
				97564F3F20E207A8007DAE93 /* Release */,
			);
			defaultConfigurationIsVisible = 0;
			defaultConfigurationName = Release;
		};
		97564F4020E207A8007DAE93 /* Build configuration list for PBXNativeTarget "TableViewDemo" */ = {
			isa = XCConfigurationList;
			buildConfigurations = (
				97564F4120E207A8007DAE93 /* Debug */,
				97564F4220E207A8007DAE93 /* Release */,
			);
			defaultConfigurationIsVisible = 0;
			defaultConfigurationName = Release;
		};
		97564F4320E207A8007DAE93 /* Build configuration list for PBXNativeTarget "TableViewDemoTests" */ = {
			isa = XCConfigurationList;
			buildConfigurations = (
				97564F4420E207A8007DAE93 /* Debug */,
				97564F4520E207A8007DAE93 /* Release */,
			);
			defaultConfigurationIsVisible = 0;
			defaultConfigurationName = Release;
		};
		97564F4620E207A8007DAE93 /* Build configuration list for PBXNativeTarget "TableViewDemoUITests" */ = {
			isa = XCConfigurationList;
			buildConfigurations = (
				97564F4720E207A8007DAE93 /* Debug */,
				97564F4820E207A8007DAE93 /* Release */,
			);
			defaultConfigurationIsVisible = 0;
			defaultConfigurationName = Release;
		};
/* End XCConfigurationList section */
	};
	rootObject = 97564F1020E207A6007DAE93 /* Project object */;
}
