// !$*UTF8*$!
{
	archiveVersion = 1;
	classes = {
	};
	objectVersion = 50;
	objects = {

/* Begin PBXBuildFile section */
		97ADCF5220F5DEC800B2F7DF /* AppDelegate.swift in Sources */ = {isa = PBXBuildFile; fileRef = 97ADCF5120F5DEC800B2F7DF /* AppDelegate.swift */; };
		97ADCF5420F5DEC800B2F7DF /* ViewController.swift in Sources */ = {isa = PBXBuildFile; fileRef = 97ADCF5320F5DEC800B2F7DF /* ViewController.swift */; };
		97ADCF5720F5DEC800B2F7DF /* Main.storyboard in Resources */ = {isa = PBXBuildFile; fileRef = 97ADCF5520F5DEC800B2F7DF /* Main.storyboard */; };
		97ADCF5920F5DECA00B2F7DF /* Assets.xcassets in Resources */ = {isa = PBXBuildFile; fileRef = 97ADCF5820F5DECA00B2F7DF /* Assets.xcassets */; };
		97ADCF5C20F5DECA00B2F7DF /* LaunchScreen.storyboard in Resources */ = {isa = PBXBuildFile; fileRef = 97ADCF5A20F5DECA00B2F7DF /* LaunchScreen.storyboard */; };
		97ADCF6720F5DECA00B2F7DF /* QRCodeTests.swift in Sources */ = {isa = PBXBuildFile; fileRef = 97ADCF6620F5DECA00B2F7DF /* QRCodeTests.swift */; };
		97ADCF7220F5DECA00B2F7DF /* QRCodeUITests.swift in Sources */ = {isa = PBXBuildFile; fileRef = 97ADCF7120F5DECA00B2F7DF /* QRCodeUITests.swift */; };
		97ADCF8020F5E20900B2F7DF /* QRCodeViewController.swift in Sources */ = {isa = PBXBuildFile; fileRef = 97ADCF7F20F5E20900B2F7DF /* QRCodeViewController.swift */; };
		97ADCF8220F5E21100B2F7DF /* ScanViewController.swift in Sources */ = {isa = PBXBuildFile; fileRef = 97ADCF8120F5E21100B2F7DF /* ScanViewController.swift */; };
/* End PBXBuildFile section */

/* Begin PBXContainerItemProxy section */
		97ADCF6320F5DECA00B2F7DF /* PBXContainerItemProxy */ = {
			isa = PBXContainerItemProxy;
			containerPortal = 97ADCF4620F5DEC800B2F7DF /* Project object */;
			proxyType = 1;
			remoteGlobalIDString = 97ADCF4D20F5DEC800B2F7DF;
			remoteInfo = QRCode;
		};
		97ADCF6E20F5DECA00B2F7DF /* PBXContainerItemProxy */ = {
			isa = PBXContainerItemProxy;
			containerPortal = 97ADCF4620F5DEC800B2F7DF /* Project object */;
			proxyType = 1;
			remoteGlobalIDString = 97ADCF4D20F5DEC800B2F7DF;
			remoteInfo = QRCode;
		};
/* End PBXContainerItemProxy section */

/* Begin PBXFileReference section */
		97ADCF4E20F5DEC800B2F7DF /* QRCode.app */ = {isa = PBXFileReference; explicitFileType = wrapper.application; includeInIndex = 0; path = QRCode.app; sourceTree = BUILT_PRODUCTS_DIR; };
		97ADCF5120F5DEC800B2F7DF /* AppDelegate.swift */ = {isa = PBXFileReference; lastKnownFileType = sourcecode.swift; path = AppDelegate.swift; sourceTree = "<group>"; };
		97ADCF5320F5DEC800B2F7DF /* ViewController.swift */ = {isa = PBXFileReference; lastKnownFileType = sourcecode.swift; path = ViewController.swift; sourceTree = "<group>"; };
		97ADCF5620F5DEC800B2F7DF /* Base */ = {isa = PBXFileReference; lastKnownFileType = file.storyboard; name = Base; path = Base.lproj/Main.storyboard; sourceTree = "<group>"; };
		97ADCF5820F5DECA00B2F7DF /* Assets.xcassets */ = {isa = PBXFileReference; lastKnownFileType = folder.assetcatalog; path = Assets.xcassets; sourceTree = "<group>"; };
		97ADCF5B20F5DECA00B2F7DF /* Base */ = {isa = PBXFileReference; lastKnownFileType = file.storyboard; name = Base; path = Base.lproj/LaunchScreen.storyboard; sourceTree = "<group>"; };
		97ADCF5D20F5DECA00B2F7DF /* Info.plist */ = {isa = PBXFileReference; lastKnownFileType = text.plist.xml; path = Info.plist; sourceTree = "<group>"; };
		97ADCF6220F5DECA00B2F7DF /* QRCodeTests.xctest */ = {isa = PBXFileReference; explicitFileType = wrapper.cfbundle; includeInIndex = 0; path = QRCodeTests.xctest; sourceTree = BUILT_PRODUCTS_DIR; };
		97ADCF6620F5DECA00B2F7DF /* QRCodeTests.swift */ = {isa = PBXFileReference; lastKnownFileType = sourcecode.swift; path = QRCodeTests.swift; sourceTree = "<group>"; };
		97ADCF6820F5DECA00B2F7DF /* Info.plist */ = {isa = PBXFileReference; lastKnownFileType = text.plist.xml; path = Info.plist; sourceTree = "<group>"; };
		97ADCF6D20F5DECA00B2F7DF /* QRCodeUITests.xctest */ = {isa = PBXFileReference; explicitFileType = wrapper.cfbundle; includeInIndex = 0; path = QRCodeUITests.xctest; sourceTree = BUILT_PRODUCTS_DIR; };
		97ADCF7120F5DECA00B2F7DF /* QRCodeUITests.swift */ = {isa = PBXFileReference; lastKnownFileType = sourcecode.swift; path = QRCodeUITests.swift; sourceTree = "<group>"; };
		97ADCF7320F5DECA00B2F7DF /* Info.plist */ = {isa = PBXFileReference; lastKnownFileType = text.plist.xml; path = Info.plist; sourceTree = "<group>"; };
		97ADCF7F20F5E20900B2F7DF /* QRCodeViewController.swift */ = {isa = PBXFileReference; lastKnownFileType = sourcecode.swift; path = QRCodeViewController.swift; sourceTree = "<group>"; };
		97ADCF8120F5E21100B2F7DF /* ScanViewController.swift */ = {isa = PBXFileReference; lastKnownFileType = sourcecode.swift; path = ScanViewController.swift; sourceTree = "<group>"; };
/* End PBXFileReference section */

/* Begin PBXFrameworksBuildPhase section */
		97ADCF4B20F5DEC800B2F7DF /* Frameworks */ = {
			isa = PBXFrameworksBuildPhase;
			buildActionMask = 2147483647;
			files = (
			);
			runOnlyForDeploymentPostprocessing = 0;
		};
		97ADCF5F20F5DECA00B2F7DF /* Frameworks */ = {
			isa = PBXFrameworksBuildPhase;
			buildActionMask = 2147483647;
			files = (
			);
			runOnlyForDeploymentPostprocessing = 0;
		};
		97ADCF6A20F5DECA00B2F7DF /* Frameworks */ = {
			isa = PBXFrameworksBuildPhase;
			buildActionMask = 2147483647;
			files = (
			);
			runOnlyForDeploymentPostprocessing = 0;
		};
/* End PBXFrameworksBuildPhase section */

/* Begin PBXGroup section */
		97ADCF4520F5DEC800B2F7DF = {
			isa = PBXGroup;
			children = (
				97ADCF5020F5DEC800B2F7DF /* QRCode */,
				97ADCF6520F5DECA00B2F7DF /* QRCodeTests */,
				97ADCF7020F5DECA00B2F7DF /* QRCodeUITests */,
				97ADCF4F20F5DEC800B2F7DF /* Products */,
			);
			sourceTree = "<group>";
		};
		97ADCF4F20F5DEC800B2F7DF /* Products */ = {
			isa = PBXGroup;
			children = (
				97ADCF4E20F5DEC800B2F7DF /* QRCode.app */,
				97ADCF6220F5DECA00B2F7DF /* QRCodeTests.xctest */,
				97ADCF6D20F5DECA00B2F7DF /* QRCodeUITests.xctest */,
			);
			name = Products;
			sourceTree = "<group>";
		};
		97ADCF5020F5DEC800B2F7DF /* QRCode */ = {
			isa = PBXGroup;
			children = (
				97ADCF5120F5DEC800B2F7DF /* AppDelegate.swift */,
				97ADCF5320F5DEC800B2F7DF /* ViewController.swift */,
				97ADCF7F20F5E20900B2F7DF /* QRCodeViewController.swift */,
				97ADCF8120F5E21100B2F7DF /* ScanViewController.swift */,
				97ADCF5520F5DEC800B2F7DF /* Main.storyboard */,
				97ADCF5820F5DECA00B2F7DF /* Assets.xcassets */,
				97ADCF5A20F5DECA00B2F7DF /* LaunchScreen.storyboard */,
				97ADCF5D20F5DECA00B2F7DF /* Info.plist */,
			);
			path = QRCode;
			sourceTree = "<group>";
		};
		97ADCF6520F5DECA00B2F7DF /* QRCodeTests */ = {
			isa = PBXGroup;
			children = (
				97ADCF6620F5DECA00B2F7DF /* QRCodeTests.swift */,
				97ADCF6820F5DECA00B2F7DF /* Info.plist */,
			);
			path = QRCodeTests;
			sourceTree = "<group>";
		};
		97ADCF7020F5DECA00B2F7DF /* QRCodeUITests */ = {
			isa = PBXGroup;
			children = (
				97ADCF7120F5DECA00B2F7DF /* QRCodeUITests.swift */,
				97ADCF7320F5DECA00B2F7DF /* Info.plist */,
			);
			path = QRCodeUITests;
			sourceTree = "<group>";
		};
/* End PBXGroup section */

/* Begin PBXNativeTarget section */
		97ADCF4D20F5DEC800B2F7DF /* QRCode */ = {
			isa = PBXNativeTarget;
			buildConfigurationList = 97ADCF7620F5DECA00B2F7DF /* Build configuration list for PBXNativeTarget "QRCode" */;
			buildPhases = (
				97ADCF4A20F5DEC800B2F7DF /* Sources */,
				97ADCF4B20F5DEC800B2F7DF /* Frameworks */,
				97ADCF4C20F5DEC800B2F7DF /* Resources */,
			);
			buildRules = (
			);
			dependencies = (
			);
			name = QRCode;
			productName = QRCode;
			productReference = 97ADCF4E20F5DEC800B2F7DF /* QRCode.app */;
			productType = "com.apple.product-type.application";
		};
		97ADCF6120F5DECA00B2F7DF /* QRCodeTests */ = {
			isa = PBXNativeTarget;
			buildConfigurationList = 97ADCF7920F5DECA00B2F7DF /* Build configuration list for PBXNativeTarget "QRCodeTests" */;
			buildPhases = (
				97ADCF5E20F5DECA00B2F7DF /* Sources */,
				97ADCF5F20F5DECA00B2F7DF /* Frameworks */,
				97ADCF6020F5DECA00B2F7DF /* Resources */,
			);
			buildRules = (
			);
			dependencies = (
				97ADCF6420F5DECA00B2F7DF /* PBXTargetDependency */,
			);
			name = QRCodeTests;
			productName = QRCodeTests;
			productReference = 97ADCF6220F5DECA00B2F7DF /* QRCodeTests.xctest */;
			productType = "com.apple.product-type.bundle.unit-test";
		};
		97ADCF6C20F5DECA00B2F7DF /* QRCodeUITests */ = {
			isa = PBXNativeTarget;
			buildConfigurationList = 97ADCF7C20F5DECA00B2F7DF /* Build configuration list for PBXNativeTarget "QRCodeUITests" */;
			buildPhases = (
				97ADCF6920F5DECA00B2F7DF /* Sources */,
				97ADCF6A20F5DECA00B2F7DF /* Frameworks */,
				97ADCF6B20F5DECA00B2F7DF /* Resources */,
			);
			buildRules = (
			);
			dependencies = (
				97ADCF6F20F5DECA00B2F7DF /* PBXTargetDependency */,
			);
			name = QRCodeUITests;
			productName = QRCodeUITests;
			productReference = 97ADCF6D20F5DECA00B2F7DF /* QRCodeUITests.xctest */;
			productType = "com.apple.product-type.bundle.ui-testing";
		};
/* End PBXNativeTarget section */

/* Begin PBXProject section */
		97ADCF4620F5DEC800B2F7DF /* Project object */ = {
			isa = PBXProject;
			attributes = {
				LastSwiftUpdateCheck = 0940;
				LastUpgradeCheck = 0940;
				ORGANIZATIONNAME = WH;
				TargetAttributes = {
					97ADCF4D20F5DEC800B2F7DF = {
						CreatedOnToolsVersion = 9.4.1;
					};
					97ADCF6120F5DECA00B2F7DF = {
						CreatedOnToolsVersion = 9.4.1;
						LastSwiftMigration = 1010;
						TestTargetID = 97ADCF4D20F5DEC800B2F7DF;
					};
					97ADCF6C20F5DECA00B2F7DF = {
						CreatedOnToolsVersion = 9.4.1;
						LastSwiftMigration = 1010;
						TestTargetID = 97ADCF4D20F5DEC800B2F7DF;
					};
				};
			};
			buildConfigurationList = 97ADCF4920F5DEC800B2F7DF /* Build configuration list for PBXProject "QRCode" */;
			compatibilityVersion = "Xcode 9.3";
			developmentRegion = en;
			hasScannedForEncodings = 0;
			knownRegions = (
				en,
				Base,
			);
			mainGroup = 97ADCF4520F5DEC800B2F7DF;
			productRefGroup = 97ADCF4F20F5DEC800B2F7DF /* Products */;
			projectDirPath = "";
			projectRoot = "";
			targets = (
				97ADCF4D20F5DEC800B2F7DF /* QRCode */,
				97ADCF6120F5DECA00B2F7DF /* QRCodeTests */,
				97ADCF6C20F5DECA00B2F7DF /* QRCodeUITests */,
			);
		};
/* End PBXProject section */

/* Begin PBXResourcesBuildPhase section */
		97ADCF4C20F5DEC800B2F7DF /* Resources */ = {
			isa = PBXResourcesBuildPhase;
			buildActionMask = 2147483647;
			files = (
				97ADCF5C20F5DECA00B2F7DF /* LaunchScreen.storyboard in Resources */,
				97ADCF5920F5DECA00B2F7DF /* Assets.xcassets in Resources */,
				97ADCF5720F5DEC800B2F7DF /* Main.storyboard in Resources */,
			);
			runOnlyForDeploymentPostprocessing = 0;
		};
		97ADCF6020F5DECA00B2F7DF /* Resources */ = {
			isa = PBXResourcesBuildPhase;
			buildActionMask = 2147483647;
			files = (
			);
			runOnlyForDeploymentPostprocessing = 0;
		};
		97ADCF6B20F5DECA00B2F7DF /* Resources */ = {
			isa = PBXResourcesBuildPhase;
			buildActionMask = 2147483647;
			files = (
			);
			runOnlyForDeploymentPostprocessing = 0;
		};
/* End PBXResourcesBuildPhase section */

/* Begin PBXSourcesBuildPhase section */
		97ADCF4A20F5DEC800B2F7DF /* Sources */ = {
			isa = PBXSourcesBuildPhase;
			buildActionMask = 2147483647;
			files = (
				97ADCF8020F5E20900B2F7DF /* QRCodeViewController.swift in Sources */,
				97ADCF5420F5DEC800B2F7DF /* ViewController.swift in Sources */,
				97ADCF5220F5DEC800B2F7DF /* AppDelegate.swift in Sources */,
				97ADCF8220F5E21100B2F7DF /* ScanViewController.swift in Sources */,
			);
			runOnlyForDeploymentPostprocessing = 0;
		};
		97ADCF5E20F5DECA00B2F7DF /* Sources */ = {
			isa = PBXSourcesBuildPhase;
			buildActionMask = 2147483647;
			files = (
				97ADCF6720F5DECA00B2F7DF /* QRCodeTests.swift in Sources */,
			);
			runOnlyForDeploymentPostprocessing = 0;
		};
		97ADCF6920F5DECA00B2F7DF /* Sources */ = {
			isa = PBXSourcesBuildPhase;
			buildActionMask = 2147483647;
			files = (
				97ADCF7220F5DECA00B2F7DF /* QRCodeUITests.swift in Sources */,
			);
			runOnlyForDeploymentPostprocessing = 0;
		};
/* End PBXSourcesBuildPhase section */

/* Begin PBXTargetDependency section */
		97ADCF6420F5DECA00B2F7DF /* PBXTargetDependency */ = {
			isa = PBXTargetDependency;
			target = 97ADCF4D20F5DEC800B2F7DF /* QRCode */;
			targetProxy = 97ADCF6320F5DECA00B2F7DF /* PBXContainerItemProxy */;
		};
		97ADCF6F20F5DECA00B2F7DF /* PBXTargetDependency */ = {
			isa = PBXTargetDependency;
			target = 97ADCF4D20F5DEC800B2F7DF /* QRCode */;
			targetProxy = 97ADCF6E20F5DECA00B2F7DF /* PBXContainerItemProxy */;
		};
/* End PBXTargetDependency section */

/* Begin PBXVariantGroup section */
		97ADCF5520F5DEC800B2F7DF /* Main.storyboard */ = {
			isa = PBXVariantGroup;
			children = (
				97ADCF5620F5DEC800B2F7DF /* Base */,
			);
			name = Main.storyboard;
			sourceTree = "<group>";
		};
		97ADCF5A20F5DECA00B2F7DF /* LaunchScreen.storyboard */ = {
			isa = PBXVariantGroup;
			children = (
				97ADCF5B20F5DECA00B2F7DF /* Base */,
			);
			name = LaunchScreen.storyboard;
			sourceTree = "<group>";
		};
/* End PBXVariantGroup section */

/* Begin XCBuildConfiguration section */
		97ADCF7420F5DECA00B2F7DF /* Debug */ = {
			isa = XCBuildConfiguration;
			buildSettings = {
				ALWAYS_SEARCH_USER_PATHS = NO;
				CLANG_ANALYZER_NONNULL = YES;
				CLANG_ANALYZER_NUMBER_OBJECT_CONVERSION = YES_AGGRESSIVE;
				CLANG_CXX_LANGUAGE_STANDARD = "gnu++14";
				CLANG_CXX_LIBRARY = "libc++";
				CLANG_ENABLE_MODULES = YES;
				CLANG_ENABLE_OBJC_ARC = YES;
				CLANG_ENABLE_OBJC_WEAK = YES;
				CLANG_WARN_BLOCK_CAPTURE_AUTORELEASING = YES;
				CLANG_WARN_BOOL_CONVERSION = YES;
				CLANG_WARN_COMMA = YES;
				CLANG_WARN_CONSTANT_CONVERSION = YES;
				CLANG_WARN_DEPRECATED_OBJC_IMPLEMENTATIONS = YES;
				CLANG_WARN_DIRECT_OBJC_ISA_USAGE = YES_ERROR;
				CLANG_WARN_DOCUMENTATION_COMMENTS = YES;
				CLANG_WARN_EMPTY_BODY = YES;
				CLANG_WARN_ENUM_CONVERSION = YES;
				CLANG_WARN_INFINITE_RECURSION = YES;
				CLANG_WARN_INT_CONVERSION = YES;
				CLANG_WARN_NON_LITERAL_NULL_CONVERSION = YES;
				CLANG_WARN_OBJC_IMPLICIT_RETAIN_SELF = YES;
				CLANG_WARN_OBJC_LITERAL_CONVERSION = YES;
				CLANG_WARN_OBJC_ROOT_CLASS = YES_ERROR;
				CLANG_WARN_RANGE_LOOP_ANALYSIS = YES;
				CLANG_WARN_STRICT_PROTOTYPES = YES;
				CLANG_WARN_SUSPICIOUS_MOVE = YES;
				CLANG_WARN_UNGUARDED_AVAILABILITY = YES_AGGRESSIVE;
				CLANG_WARN_UNREACHABLE_CODE = YES;
				CLANG_WARN__DUPLICATE_METHOD_MATCH = YES;
				CODE_SIGN_IDENTITY = "iPhone Developer";
				COPY_PHASE_STRIP = NO;
				DEBUG_INFORMATION_FORMAT = dwarf;
				ENABLE_STRICT_OBJC_MSGSEND = YES;
				ENABLE_TESTABILITY = YES;
				GCC_C_LANGUAGE_STANDARD = gnu11;
				GCC_DYNAMIC_NO_PIC = NO;
				GCC_NO_COMMON_BLOCKS = YES;
				GCC_OPTIMIZATION_LEVEL = 0;
				GCC_PREPROCESSOR_DEFINITIONS = (
					"DEBUG=1",
					"$(inherited)",
				);
				GCC_WARN_64_TO_32_BIT_CONVERSION = YES;
				GCC_WARN_ABOUT_RETURN_TYPE = YES_ERROR;
				GCC_WARN_UNDECLARED_SELECTOR = YES;
				GCC_WARN_UNINITIALIZED_AUTOS = YES_AGGRESSIVE;
				GCC_WARN_UNUSED_FUNCTION = YES;
				GCC_WARN_UNUSED_VARIABLE = YES;
				IPHONEOS_DEPLOYMENT_TARGET = 11.4;
				MTL_ENABLE_DEBUG_INFO = YES;
				ONLY_ACTIVE_ARCH = YES;
				SDKROOT = iphoneos;
				SWIFT_ACTIVE_COMPILATION_CONDITIONS = DEBUG;
				SWIFT_OPTIMIZATION_LEVEL = "-Onone";
			};
			name = Debug;
		};
		97ADCF7520F5DECA00B2F7DF /* Release */ = {
			isa = XCBuildConfiguration;
			buildSettings = {
				ALWAYS_SEARCH_USER_PATHS = NO;
				CLANG_ANALYZER_NONNULL = YES;
				CLANG_ANALYZER_NUMBER_OBJECT_CONVERSION = YES_AGGRESSIVE;
				CLANG_CXX_LANGUAGE_STANDARD = "gnu++14";
				CLANG_CXX_LIBRARY = "libc++";
				CLANG_ENABLE_MODULES = YES;
				CLANG_ENABLE_OBJC_ARC = YES;
				CLANG_ENABLE_OBJC_WEAK = YES;
				CLANG_WARN_BLOCK_CAPTURE_AUTORELEASING = YES;
				CLANG_WARN_BOOL_CONVERSION = YES;
				CLANG_WARN_COMMA = YES;
				CLANG_WARN_CONSTANT_CONVERSION = YES;
				CLANG_WARN_DEPRECATED_OBJC_IMPLEMENTATIONS = YES;
				CLANG_WARN_DIRECT_OBJC_ISA_USAGE = YES_ERROR;
				CLANG_WARN_DOCUMENTATION_COMMENTS = YES;
				CLANG_WARN_EMPTY_BODY = YES;
				CLANG_WARN_ENUM_CONVERSION = YES;
				CLANG_WARN_INFINITE_RECURSION = YES;
				CLANG_WARN_INT_CONVERSION = YES;
				CLANG_WARN_NON_LITERAL_NULL_CONVERSION = YES;
				CLANG_WARN_OBJC_IMPLICIT_RETAIN_SELF = YES;
				CLANG_WARN_OBJC_LITERAL_CONVERSION = YES;
				CLANG_WARN_OBJC_ROOT_CLASS = YES_ERROR;
				CLANG_WARN_RANGE_LOOP_ANALYSIS = YES;
				CLANG_WARN_STRICT_PROTOTYPES = YES;
				CLANG_WARN_SUSPICIOUS_MOVE = YES;
				CLANG_WARN_UNGUARDED_AVAILABILITY = YES_AGGRESSIVE;
				CLANG_WARN_UNREACHABLE_CODE = YES;
				CLANG_WARN__DUPLICATE_METHOD_MATCH = YES;
				CODE_SIGN_IDENTITY = "iPhone Developer";
				COPY_PHASE_STRIP = NO;
				DEBUG_INFORMATION_FORMAT = "dwarf-with-dsym";
				ENABLE_NS_ASSERTIONS = NO;
				ENABLE_STRICT_OBJC_MSGSEND = YES;
				GCC_C_LANGUAGE_STANDARD = gnu11;
				GCC_NO_COMMON_BLOCKS = YES;
				GCC_WARN_64_TO_32_BIT_CONVERSION = YES;
				GCC_WARN_ABOUT_RETURN_TYPE = YES_ERROR;
				GCC_WARN_UNDECLARED_SELECTOR = YES;
				GCC_WARN_UNINITIALIZED_AUTOS = YES_AGGRESSIVE;
				GCC_WARN_UNUSED_FUNCTION = YES;
				GCC_WARN_UNUSED_VARIABLE = YES;
				IPHONEOS_DEPLOYMENT_TARGET = 11.4;
				MTL_ENABLE_DEBUG_INFO = NO;
				SDKROOT = iphoneos;
				SWIFT_COMPILATION_MODE = wholemodule;
				SWIFT_OPTIMIZATION_LEVEL = "-O";
				VALIDATE_PRODUCT = YES;
			};
			name = Release;
		};
		97ADCF7720F5DECA00B2F7DF /* Debug */ = {
			isa = XCBuildConfiguration;
			buildSettings = {
				ASSETCATALOG_COMPILER_APPICON_NAME = AppIcon;
				CODE_SIGN_STYLE = Automatic;
				DEVELOPMENT_TEAM = P72ZUNZG2W;
				INFOPLIST_FILE = QRCode/Info.plist;
				IPHONEOS_DEPLOYMENT_TARGET = 9.0;
				LD_RUNPATH_SEARCH_PATHS = (
					"$(inherited)",
					"@executable_path/Frameworks",
				);
				PRODUCT_BUNDLE_IDENTIFIER = S2G.QRCode;
				PRODUCT_NAME = "$(TARGET_NAME)";
				SWIFT_VERSION = 4.2;
				TARGETED_DEVICE_FAMILY = "1,2";
			};
			name = Debug;
		};
		97ADCF7820F5DECA00B2F7DF /* Release */ = {
			isa = XCBuildConfiguration;
			buildSettings = {
				ASSETCATALOG_COMPILER_APPICON_NAME = AppIcon;
				CODE_SIGN_STYLE = Automatic;
				DEVELOPMENT_TEAM = P72ZUNZG2W;
				INFOPLIST_FILE = QRCode/Info.plist;
				IPHONEOS_DEPLOYMENT_TARGET = 9.0;
				LD_RUNPATH_SEARCH_PATHS = (
					"$(inherited)",
					"@executable_path/Frameworks",
				);
				PRODUCT_BUNDLE_IDENTIFIER = S2G.QRCode;
				PRODUCT_NAME = "$(TARGET_NAME)";
				SWIFT_VERSION = 4.2;
				TARGETED_DEVICE_FAMILY = "1,2";
			};
			name = Release;
		};
		97ADCF7A20F5DECA00B2F7DF /* Debug */ = {
			isa = XCBuildConfiguration;
			buildSettings = {
				ALWAYS_EMBED_SWIFT_STANDARD_LIBRARIES = YES;
				BUNDLE_LOADER = "$(TEST_HOST)";
				CODE_SIGN_STYLE = Automatic;
				DEVELOPMENT_TEAM = P72ZUNZG2W;
				INFOPLIST_FILE = QRCodeTests/Info.plist;
				LD_RUNPATH_SEARCH_PATHS = (
					"$(inherited)",
					"@executable_path/Frameworks",
					"@loader_path/Frameworks",
				);
				PRODUCT_BUNDLE_IDENTIFIER = S2G.QRCodeTests;
				PRODUCT_NAME = "$(TARGET_NAME)";
				SWIFT_VERSION = 4.2;
				TARGETED_DEVICE_FAMILY = "1,2";
				TEST_HOST = "$(BUILT_PRODUCTS_DIR)/QRCode.app/QRCode";
			};
			name = Debug;
		};
		97ADCF7B20F5DECA00B2F7DF /* Release */ = {
			isa = XCBuildConfiguration;
			buildSettings = {
				ALWAYS_EMBED_SWIFT_STANDARD_LIBRARIES = YES;
				BUNDLE_LOADER = "$(TEST_HOST)";
				CODE_SIGN_STYLE = Automatic;
				DEVELOPMENT_TEAM = P72ZUNZG2W;
				INFOPLIST_FILE = QRCodeTests/Info.plist;
				LD_RUNPATH_SEARCH_PATHS = (
					"$(inherited)",
					"@executable_path/Frameworks",
					"@loader_path/Frameworks",
				);
				PRODUCT_BUNDLE_IDENTIFIER = S2G.QRCodeTests;
				PRODUCT_NAME = "$(TARGET_NAME)";
				SWIFT_VERSION = 4.2;
				TARGETED_DEVICE_FAMILY = "1,2";
				TEST_HOST = "$(BUILT_PRODUCTS_DIR)/QRCode.app/QRCode";
			};
			name = Release;
		};
		97ADCF7D20F5DECA00B2F7DF /* Debug */ = {
			isa = XCBuildConfiguration;
			buildSettings = {
				ALWAYS_EMBED_SWIFT_STANDARD_LIBRARIES = YES;
				CODE_SIGN_STYLE = Automatic;
				DEVELOPMENT_TEAM = P72ZUNZG2W;
				INFOPLIST_FILE = QRCodeUITests/Info.plist;
				LD_RUNPATH_SEARCH_PATHS = (
					"$(inherited)",
					"@executable_path/Frameworks",
					"@loader_path/Frameworks",
				);
				PRODUCT_BUNDLE_IDENTIFIER = S2G.QRCodeUITests;
				PRODUCT_NAME = "$(TARGET_NAME)";
				SWIFT_VERSION = 4.2;
				TARGETED_DEVICE_FAMILY = "1,2";
				TEST_TARGET_NAME = QRCode;
			};
			name = Debug;
		};
		97ADCF7E20F5DECA00B2F7DF /* Release */ = {
			isa = XCBuildConfiguration;
			buildSettings = {
				ALWAYS_EMBED_SWIFT_STANDARD_LIBRARIES = YES;
				CODE_SIGN_STYLE = Automatic;
				DEVELOPMENT_TEAM = P72ZUNZG2W;
				INFOPLIST_FILE = QRCodeUITests/Info.plist;
				LD_RUNPATH_SEARCH_PATHS = (
					"$(inherited)",
					"@executable_path/Frameworks",
					"@loader_path/Frameworks",
				);
				PRODUCT_BUNDLE_IDENTIFIER = S2G.QRCodeUITests;
				PRODUCT_NAME = "$(TARGET_NAME)";
				SWIFT_VERSION = 4.2;
				TARGETED_DEVICE_FAMILY = "1,2";
				TEST_TARGET_NAME = QRCode;
			};
			name = Release;
		};
/* End XCBuildConfiguration section */

/* Begin XCConfigurationList section */
		97ADCF4920F5DEC800B2F7DF /* Build configuration list for PBXProject "QRCode" */ = {
			isa = XCConfigurationList;
			buildConfigurations = (
				97ADCF7420F5DECA00B2F7DF /* Debug */,
				97ADCF7520F5DECA00B2F7DF /* Release */,
			);
			defaultConfigurationIsVisible = 0;
			defaultConfigurationName = Release;
		};
		97ADCF7620F5DECA00B2F7DF /* Build configuration list for PBXNativeTarget "QRCode" */ = {
			isa = XCConfigurationList;
			buildConfigurations = (
				97ADCF7720F5DECA00B2F7DF /* Debug */,
				97ADCF7820F5DECA00B2F7DF /* Release */,
			);
			defaultConfigurationIsVisible = 0;
			defaultConfigurationName = Release;
		};
		97ADCF7920F5DECA00B2F7DF /* Build configuration list for PBXNativeTarget "QRCodeTests" */ = {
			isa = XCConfigurationList;
			buildConfigurations = (
				97ADCF7A20F5DECA00B2F7DF /* Debug */,
				97ADCF7B20F5DECA00B2F7DF /* Release */,
			);
			defaultConfigurationIsVisible = 0;
			defaultConfigurationName = Release;
		};
		97ADCF7C20F5DECA00B2F7DF /* Build configuration list for PBXNativeTarget "QRCodeUITests" */ = {
			isa = XCConfigurationList;
			buildConfigurations = (
				97ADCF7D20F5DECA00B2F7DF /* Debug */,
				97ADCF7E20F5DECA00B2F7DF /* Release */,
			);
			defaultConfigurationIsVisible = 0;
			defaultConfigurationName = Release;
		};
/* End XCConfigurationList section */
	};
	rootObject = 97ADCF4620F5DEC800B2F7DF /* Project object */;
}
