// !$*UTF8*$!
{
	archiveVersion = 1;
	classes = {
	};
	objectVersion = 50;
	objects = {

/* Begin PBXBuildFile section */
		9752792020E0CA230013FBB3 /* AppDelegate.swift in Sources */ = {isa = PBXBuildFile; fileRef = 9752791F20E0CA230013FBB3 /* AppDelegate.swift */; };
		9752792220E0CA230013FBB3 /* ViewController.swift in Sources */ = {isa = PBXBuildFile; fileRef = 9752792120E0CA230013FBB3 /* ViewController.swift */; };
		9752792520E0CA230013FBB3 /* Main.storyboard in Resources */ = {isa = PBXBuildFile; fileRef = 9752792320E0CA230013FBB3 /* Main.storyboard */; };
		9752792720E0CA240013FBB3 /* Assets.xcassets in Resources */ = {isa = PBXBuildFile; fileRef = 9752792620E0CA240013FBB3 /* Assets.xcassets */; };
		9752792A20E0CA240013FBB3 /* LaunchScreen.storyboard in Resources */ = {isa = PBXBuildFile; fileRef = 9752792820E0CA240013FBB3 /* LaunchScreen.storyboard */; };
		9752793520E0CA240013FBB3 /* MPMediaQueryDemoTests.swift in Sources */ = {isa = PBXBuildFile; fileRef = 9752793420E0CA240013FBB3 /* MPMediaQueryDemoTests.swift */; };
		9752794020E0CA240013FBB3 /* MPMediaQueryDemoUITests.swift in Sources */ = {isa = PBXBuildFile; fileRef = 9752793F20E0CA240013FBB3 /* MPMediaQueryDemoUITests.swift */; };
/* End PBXBuildFile section */

/* Begin PBXContainerItemProxy section */
		9752793120E0CA240013FBB3 /* PBXContainerItemProxy */ = {
			isa = PBXContainerItemProxy;
			containerPortal = 9752791420E0CA230013FBB3 /* Project object */;
			proxyType = 1;
			remoteGlobalIDString = 9752791B20E0CA230013FBB3;
			remoteInfo = MPMediaQueryDemo;
		};
		9752793C20E0CA240013FBB3 /* PBXContainerItemProxy */ = {
			isa = PBXContainerItemProxy;
			containerPortal = 9752791420E0CA230013FBB3 /* Project object */;
			proxyType = 1;
			remoteGlobalIDString = 9752791B20E0CA230013FBB3;
			remoteInfo = MPMediaQueryDemo;
		};
/* End PBXContainerItemProxy section */

/* Begin PBXFileReference section */
		9752791C20E0CA230013FBB3 /* MPMediaQueryDemo.app */ = {isa = PBXFileReference; explicitFileType = wrapper.application; includeInIndex = 0; path = MPMediaQueryDemo.app; sourceTree = BUILT_PRODUCTS_DIR; };
		9752791F20E0CA230013FBB3 /* AppDelegate.swift */ = {isa = PBXFileReference; lastKnownFileType = sourcecode.swift; path = AppDelegate.swift; sourceTree = "<group>"; };
		9752792120E0CA230013FBB3 /* ViewController.swift */ = {isa = PBXFileReference; lastKnownFileType = sourcecode.swift; path = ViewController.swift; sourceTree = "<group>"; };
		9752792420E0CA230013FBB3 /* Base */ = {isa = PBXFileReference; lastKnownFileType = file.storyboard; name = Base; path = Base.lproj/Main.storyboard; sourceTree = "<group>"; };
		9752792620E0CA240013FBB3 /* Assets.xcassets */ = {isa = PBXFileReference; lastKnownFileType = folder.assetcatalog; path = Assets.xcassets; sourceTree = "<group>"; };
		9752792920E0CA240013FBB3 /* Base */ = {isa = PBXFileReference; lastKnownFileType = file.storyboard; name = Base; path = Base.lproj/LaunchScreen.storyboard; sourceTree = "<group>"; };
		9752792B20E0CA240013FBB3 /* Info.plist */ = {isa = PBXFileReference; lastKnownFileType = text.plist.xml; path = Info.plist; sourceTree = "<group>"; };
		9752793020E0CA240013FBB3 /* MPMediaQueryDemoTests.xctest */ = {isa = PBXFileReference; explicitFileType = wrapper.cfbundle; includeInIndex = 0; path = MPMediaQueryDemoTests.xctest; sourceTree = BUILT_PRODUCTS_DIR; };
		9752793420E0CA240013FBB3 /* MPMediaQueryDemoTests.swift */ = {isa = PBXFileReference; lastKnownFileType = sourcecode.swift; path = MPMediaQueryDemoTests.swift; sourceTree = "<group>"; };
		9752793620E0CA240013FBB3 /* Info.plist */ = {isa = PBXFileReference; lastKnownFileType = text.plist.xml; path = Info.plist; sourceTree = "<group>"; };
		9752793B20E0CA240013FBB3 /* MPMediaQueryDemoUITests.xctest */ = {isa = PBXFileReference; explicitFileType = wrapper.cfbundle; includeInIndex = 0; path = MPMediaQueryDemoUITests.xctest; sourceTree = BUILT_PRODUCTS_DIR; };
		9752793F20E0CA240013FBB3 /* MPMediaQueryDemoUITests.swift */ = {isa = PBXFileReference; lastKnownFileType = sourcecode.swift; path = MPMediaQueryDemoUITests.swift; sourceTree = "<group>"; };
		9752794120E0CA240013FBB3 /* Info.plist */ = {isa = PBXFileReference; lastKnownFileType = text.plist.xml; path = Info.plist; sourceTree = "<group>"; };
/* End PBXFileReference section */

/* Begin PBXFrameworksBuildPhase section */
		9752791920E0CA230013FBB3 /* Frameworks */ = {
			isa = PBXFrameworksBuildPhase;
			buildActionMask = 2147483647;
			files = (
			);
			runOnlyForDeploymentPostprocessing = 0;
		};
		9752792D20E0CA240013FBB3 /* Frameworks */ = {
			isa = PBXFrameworksBuildPhase;
			buildActionMask = 2147483647;
			files = (
			);
			runOnlyForDeploymentPostprocessing = 0;
		};
		9752793820E0CA240013FBB3 /* Frameworks */ = {
			isa = PBXFrameworksBuildPhase;
			buildActionMask = 2147483647;
			files = (
			);
			runOnlyForDeploymentPostprocessing = 0;
		};
/* End PBXFrameworksBuildPhase section */

/* Begin PBXGroup section */
		9752791320E0CA230013FBB3 = {
			isa = PBXGroup;
			children = (
				9752791E20E0CA230013FBB3 /* MPMediaQueryDemo */,
				9752793320E0CA240013FBB3 /* MPMediaQueryDemoTests */,
				9752793E20E0CA240013FBB3 /* MPMediaQueryDemoUITests */,
				9752791D20E0CA230013FBB3 /* Products */,
			);
			sourceTree = "<group>";
		};
		9752791D20E0CA230013FBB3 /* Products */ = {
			isa = PBXGroup;
			children = (
				9752791C20E0CA230013FBB3 /* MPMediaQueryDemo.app */,
				9752793020E0CA240013FBB3 /* MPMediaQueryDemoTests.xctest */,
				9752793B20E0CA240013FBB3 /* MPMediaQueryDemoUITests.xctest */,
			);
			name = Products;
			sourceTree = "<group>";
		};
		9752791E20E0CA230013FBB3 /* MPMediaQueryDemo */ = {
			isa = PBXGroup;
			children = (
				9752791F20E0CA230013FBB3 /* AppDelegate.swift */,
				9752792120E0CA230013FBB3 /* ViewController.swift */,
				9752792320E0CA230013FBB3 /* Main.storyboard */,
				9752792620E0CA240013FBB3 /* Assets.xcassets */,
				9752792820E0CA240013FBB3 /* LaunchScreen.storyboard */,
				9752792B20E0CA240013FBB3 /* Info.plist */,
			);
			path = MPMediaQueryDemo;
			sourceTree = "<group>";
		};
		9752793320E0CA240013FBB3 /* MPMediaQueryDemoTests */ = {
			isa = PBXGroup;
			children = (
				9752793420E0CA240013FBB3 /* MPMediaQueryDemoTests.swift */,
				9752793620E0CA240013FBB3 /* Info.plist */,
			);
			path = MPMediaQueryDemoTests;
			sourceTree = "<group>";
		};
		9752793E20E0CA240013FBB3 /* MPMediaQueryDemoUITests */ = {
			isa = PBXGroup;
			children = (
				9752793F20E0CA240013FBB3 /* MPMediaQueryDemoUITests.swift */,
				9752794120E0CA240013FBB3 /* Info.plist */,
			);
			path = MPMediaQueryDemoUITests;
			sourceTree = "<group>";
		};
/* End PBXGroup section */

/* Begin PBXNativeTarget section */
		9752791B20E0CA230013FBB3 /* MPMediaQueryDemo */ = {
			isa = PBXNativeTarget;
			buildConfigurationList = 9752794420E0CA240013FBB3 /* Build configuration list for PBXNativeTarget "MPMediaQueryDemo" */;
			buildPhases = (
				9752791820E0CA230013FBB3 /* Sources */,
				9752791920E0CA230013FBB3 /* Frameworks */,
				9752791A20E0CA230013FBB3 /* Resources */,
			);
			buildRules = (
			);
			dependencies = (
			);
			name = MPMediaQueryDemo;
			productName = MPMediaQueryDemo;
			productReference = 9752791C20E0CA230013FBB3 /* MPMediaQueryDemo.app */;
			productType = "com.apple.product-type.application";
		};
		9752792F20E0CA240013FBB3 /* MPMediaQueryDemoTests */ = {
			isa = PBXNativeTarget;
			buildConfigurationList = 9752794720E0CA240013FBB3 /* Build configuration list for PBXNativeTarget "MPMediaQueryDemoTests" */;
			buildPhases = (
				9752792C20E0CA240013FBB3 /* Sources */,
				9752792D20E0CA240013FBB3 /* Frameworks */,
				9752792E20E0CA240013FBB3 /* Resources */,
			);
			buildRules = (
			);
			dependencies = (
				9752793220E0CA240013FBB3 /* PBXTargetDependency */,
			);
			name = MPMediaQueryDemoTests;
			productName = MPMediaQueryDemoTests;
			productReference = 9752793020E0CA240013FBB3 /* MPMediaQueryDemoTests.xctest */;
			productType = "com.apple.product-type.bundle.unit-test";
		};
		9752793A20E0CA240013FBB3 /* MPMediaQueryDemoUITests */ = {
			isa = PBXNativeTarget;
			buildConfigurationList = 9752794A20E0CA240013FBB3 /* Build configuration list for PBXNativeTarget "MPMediaQueryDemoUITests" */;
			buildPhases = (
				9752793720E0CA240013FBB3 /* Sources */,
				9752793820E0CA240013FBB3 /* Frameworks */,
				9752793920E0CA240013FBB3 /* Resources */,
			);
			buildRules = (
			);
			dependencies = (
				9752793D20E0CA240013FBB3 /* PBXTargetDependency */,
			);
			name = MPMediaQueryDemoUITests;
			productName = MPMediaQueryDemoUITests;
			productReference = 9752793B20E0CA240013FBB3 /* MPMediaQueryDemoUITests.xctest */;
			productType = "com.apple.product-type.bundle.ui-testing";
		};
/* End PBXNativeTarget section */

/* Begin PBXProject section */
		9752791420E0CA230013FBB3 /* Project object */ = {
			isa = PBXProject;
			attributes = {
				LastSwiftUpdateCheck = 0930;
				LastUpgradeCheck = 0930;
				ORGANIZATIONNAME = WH;
				TargetAttributes = {
					9752791B20E0CA230013FBB3 = {
						CreatedOnToolsVersion = 9.3;
					};
					9752792F20E0CA240013FBB3 = {
						CreatedOnToolsVersion = 9.3;
						TestTargetID = 9752791B20E0CA230013FBB3;
					};
					9752793A20E0CA240013FBB3 = {
						CreatedOnToolsVersion = 9.3;
						TestTargetID = 9752791B20E0CA230013FBB3;
					};
				};
			};
			buildConfigurationList = 9752791720E0CA230013FBB3 /* Build configuration list for PBXProject "MPMediaQueryDemo" */;
			compatibilityVersion = "Xcode 9.3";
			developmentRegion = en;
			hasScannedForEncodings = 0;
			knownRegions = (
				en,
				Base,
			);
			mainGroup = 9752791320E0CA230013FBB3;
			productRefGroup = 9752791D20E0CA230013FBB3 /* Products */;
			projectDirPath = "";
			projectRoot = "";
			targets = (
				9752791B20E0CA230013FBB3 /* MPMediaQueryDemo */,
				9752792F20E0CA240013FBB3 /* MPMediaQueryDemoTests */,
				9752793A20E0CA240013FBB3 /* MPMediaQueryDemoUITests */,
			);
		};
/* End PBXProject section */

/* Begin PBXResourcesBuildPhase section */
		9752791A20E0CA230013FBB3 /* Resources */ = {
			isa = PBXResourcesBuildPhase;
			buildActionMask = 2147483647;
			files = (
				9752792A20E0CA240013FBB3 /* LaunchScreen.storyboard in Resources */,
				9752792720E0CA240013FBB3 /* Assets.xcassets in Resources */,
				9752792520E0CA230013FBB3 /* Main.storyboard in Resources */,
			);
			runOnlyForDeploymentPostprocessing = 0;
		};
		9752792E20E0CA240013FBB3 /* Resources */ = {
			isa = PBXResourcesBuildPhase;
			buildActionMask = 2147483647;
			files = (
			);
			runOnlyForDeploymentPostprocessing = 0;
		};
		9752793920E0CA240013FBB3 /* Resources */ = {
			isa = PBXResourcesBuildPhase;
			buildActionMask = 2147483647;
			files = (
			);
			runOnlyForDeploymentPostprocessing = 0;
		};
/* End PBXResourcesBuildPhase section */

/* Begin PBXSourcesBuildPhase section */
		9752791820E0CA230013FBB3 /* Sources */ = {
			isa = PBXSourcesBuildPhase;
			buildActionMask = 2147483647;
			files = (
				9752792220E0CA230013FBB3 /* ViewController.swift in Sources */,
				9752792020E0CA230013FBB3 /* AppDelegate.swift in Sources */,
			);
			runOnlyForDeploymentPostprocessing = 0;
		};
		9752792C20E0CA240013FBB3 /* Sources */ = {
			isa = PBXSourcesBuildPhase;
			buildActionMask = 2147483647;
			files = (
				9752793520E0CA240013FBB3 /* MPMediaQueryDemoTests.swift in Sources */,
			);
			runOnlyForDeploymentPostprocessing = 0;
		};
		9752793720E0CA240013FBB3 /* Sources */ = {
			isa = PBXSourcesBuildPhase;
			buildActionMask = 2147483647;
			files = (
				9752794020E0CA240013FBB3 /* MPMediaQueryDemoUITests.swift in Sources */,
			);
			runOnlyForDeploymentPostprocessing = 0;
		};
/* End PBXSourcesBuildPhase section */

/* Begin PBXTargetDependency section */
		9752793220E0CA240013FBB3 /* PBXTargetDependency */ = {
			isa = PBXTargetDependency;
			target = 9752791B20E0CA230013FBB3 /* MPMediaQueryDemo */;
			targetProxy = 9752793120E0CA240013FBB3 /* PBXContainerItemProxy */;
		};
		9752793D20E0CA240013FBB3 /* PBXTargetDependency */ = {
			isa = PBXTargetDependency;
			target = 9752791B20E0CA230013FBB3 /* MPMediaQueryDemo */;
			targetProxy = 9752793C20E0CA240013FBB3 /* PBXContainerItemProxy */;
		};
/* End PBXTargetDependency section */

/* Begin PBXVariantGroup section */
		9752792320E0CA230013FBB3 /* Main.storyboard */ = {
			isa = PBXVariantGroup;
			children = (
				9752792420E0CA230013FBB3 /* Base */,
			);
			name = Main.storyboard;
			sourceTree = "<group>";
		};
		9752792820E0CA240013FBB3 /* LaunchScreen.storyboard */ = {
			isa = PBXVariantGroup;
			children = (
				9752792920E0CA240013FBB3 /* Base */,
			);
			name = LaunchScreen.storyboard;
			sourceTree = "<group>";
		};
/* End PBXVariantGroup section */

/* Begin XCBuildConfiguration section */
		9752794220E0CA240013FBB3 /* Debug */ = {
			isa = XCBuildConfiguration;
			buildSettings = {
				ALWAYS_SEARCH_USER_PATHS = NO;
				CLANG_ANALYZER_NONNULL = YES;
				CLANG_ANALYZER_NUMBER_OBJECT_CONVERSION = YES_AGGRESSIVE;
				CLANG_CXX_LANGUAGE_STANDARD = "gnu++14";
				CLANG_CXX_LIBRARY = "libc++";
				CLANG_ENABLE_MODULES = YES;
				CLANG_ENABLE_OBJC_ARC = YES;
				CLANG_ENABLE_OBJC_WEAK = YES;
				CLANG_WARN_BLOCK_CAPTURE_AUTORELEASING = YES;
				CLANG_WARN_BOOL_CONVERSION = YES;
				CLANG_WARN_COMMA = YES;
				CLANG_WARN_CONSTANT_CONVERSION = YES;
				CLANG_WARN_DEPRECATED_OBJC_IMPLEMENTATIONS = YES;
				CLANG_WARN_DIRECT_OBJC_ISA_USAGE = YES_ERROR;
				CLANG_WARN_DOCUMENTATION_COMMENTS = YES;
				CLANG_WARN_EMPTY_BODY = YES;
				CLANG_WARN_ENUM_CONVERSION = YES;
				CLANG_WARN_INFINITE_RECURSION = YES;
				CLANG_WARN_INT_CONVERSION = YES;
				CLANG_WARN_NON_LITERAL_NULL_CONVERSION = YES;
				CLANG_WARN_OBJC_IMPLICIT_RETAIN_SELF = YES;
				CLANG_WARN_OBJC_LITERAL_CONVERSION = YES;
				CLANG_WARN_OBJC_ROOT_CLASS = YES_ERROR;
				CLANG_WARN_RANGE_LOOP_ANALYSIS = YES;
				CLANG_WARN_STRICT_PROTOTYPES = YES;
				CLANG_WARN_SUSPICIOUS_MOVE = YES;
				CLANG_WARN_UNGUARDED_AVAILABILITY = YES_AGGRESSIVE;
				CLANG_WARN_UNREACHABLE_CODE = YES;
				CLANG_WARN__DUPLICATE_METHOD_MATCH = YES;
				CODE_SIGN_IDENTITY = "iPhone Developer";
				COPY_PHASE_STRIP = NO;
				DEBUG_INFORMATION_FORMAT = dwarf;
				ENABLE_STRICT_OBJC_MSGSEND = YES;
				ENABLE_TESTABILITY = YES;
				GCC_C_LANGUAGE_STANDARD = gnu11;
				GCC_DYNAMIC_NO_PIC = NO;
				GCC_NO_COMMON_BLOCKS = YES;
				GCC_OPTIMIZATION_LEVEL = 0;
				GCC_PREPROCESSOR_DEFINITIONS = (
					"DEBUG=1",
					"$(inherited)",
				);
				GCC_WARN_64_TO_32_BIT_CONVERSION = YES;
				GCC_WARN_ABOUT_RETURN_TYPE = YES_ERROR;
				GCC_WARN_UNDECLARED_SELECTOR = YES;
				GCC_WARN_UNINITIALIZED_AUTOS = YES_AGGRESSIVE;
				GCC_WARN_UNUSED_FUNCTION = YES;
				GCC_WARN_UNUSED_VARIABLE = YES;
				IPHONEOS_DEPLOYMENT_TARGET = 11.3;
				MTL_ENABLE_DEBUG_INFO = YES;
				ONLY_ACTIVE_ARCH = YES;
				SDKROOT = iphoneos;
				SWIFT_ACTIVE_COMPILATION_CONDITIONS = DEBUG;
				SWIFT_OPTIMIZATION_LEVEL = "-Onone";
			};
			name = Debug;
		};
		9752794320E0CA240013FBB3 /* Release */ = {
			isa = XCBuildConfiguration;
			buildSettings = {
				ALWAYS_SEARCH_USER_PATHS = NO;
				CLANG_ANALYZER_NONNULL = YES;
				CLANG_ANALYZER_NUMBER_OBJECT_CONVERSION = YES_AGGRESSIVE;
				CLANG_CXX_LANGUAGE_STANDARD = "gnu++14";
				CLANG_CXX_LIBRARY = "libc++";
				CLANG_ENABLE_MODULES = YES;
				CLANG_ENABLE_OBJC_ARC = YES;
				CLANG_ENABLE_OBJC_WEAK = YES;
				CLANG_WARN_BLOCK_CAPTURE_AUTORELEASING = YES;
				CLANG_WARN_BOOL_CONVERSION = YES;
				CLANG_WARN_COMMA = YES;
				CLANG_WARN_CONSTANT_CONVERSION = YES;
				CLANG_WARN_DEPRECATED_OBJC_IMPLEMENTATIONS = YES;
				CLANG_WARN_DIRECT_OBJC_ISA_USAGE = YES_ERROR;
				CLANG_WARN_DOCUMENTATION_COMMENTS = YES;
				CLANG_WARN_EMPTY_BODY = YES;
				CLANG_WARN_ENUM_CONVERSION = YES;
				CLANG_WARN_INFINITE_RECURSION = YES;
				CLANG_WARN_INT_CONVERSION = YES;
				CLANG_WARN_NON_LITERAL_NULL_CONVERSION = YES;
				CLANG_WARN_OBJC_IMPLICIT_RETAIN_SELF = YES;
				CLANG_WARN_OBJC_LITERAL_CONVERSION = YES;
				CLANG_WARN_OBJC_ROOT_CLASS = YES_ERROR;
				CLANG_WARN_RANGE_LOOP_ANALYSIS = YES;
				CLANG_WARN_STRICT_PROTOTYPES = YES;
				CLANG_WARN_SUSPICIOUS_MOVE = YES;
				CLANG_WARN_UNGUARDED_AVAILABILITY = YES_AGGRESSIVE;
				CLANG_WARN_UNREACHABLE_CODE = YES;
				CLANG_WARN__DUPLICATE_METHOD_MATCH = YES;
				CODE_SIGN_IDENTITY = "iPhone Developer";
				COPY_PHASE_STRIP = NO;
				DEBUG_INFORMATION_FORMAT = "dwarf-with-dsym";
				ENABLE_NS_ASSERTIONS = NO;
				ENABLE_STRICT_OBJC_MSGSEND = YES;
				GCC_C_LANGUAGE_STANDARD = gnu11;
				GCC_NO_COMMON_BLOCKS = YES;
				GCC_WARN_64_TO_32_BIT_CONVERSION = YES;
				GCC_WARN_ABOUT_RETURN_TYPE = YES_ERROR;
				GCC_WARN_UNDECLARED_SELECTOR = YES;
				GCC_WARN_UNINITIALIZED_AUTOS = YES_AGGRESSIVE;
				GCC_WARN_UNUSED_FUNCTION = YES;
				GCC_WARN_UNUSED_VARIABLE = YES;
				IPHONEOS_DEPLOYMENT_TARGET = 11.3;
				MTL_ENABLE_DEBUG_INFO = NO;
				SDKROOT = iphoneos;
				SWIFT_COMPILATION_MODE = wholemodule;
				SWIFT_OPTIMIZATION_LEVEL = "-O";
				VALIDATE_PRODUCT = YES;
			};
			name = Release;
		};
		9752794520E0CA240013FBB3 /* Debug */ = {
			isa = XCBuildConfiguration;
			buildSettings = {
				ASSETCATALOG_COMPILER_APPICON_NAME = AppIcon;
				CODE_SIGN_STYLE = Automatic;
				DEVELOPMENT_TEAM = P72ZUNZG2W;
				INFOPLIST_FILE = MPMediaQueryDemo/Info.plist;
				LD_RUNPATH_SEARCH_PATHS = (
					"$(inherited)",
					"@executable_path/Frameworks",
				);
				PRODUCT_BUNDLE_IDENTIFIER = S2G.MPMediaQueryDemo;
				PRODUCT_NAME = "$(TARGET_NAME)";
				SWIFT_VERSION = 4.0;
				TARGETED_DEVICE_FAMILY = "1,2";
			};
			name = Debug;
		};
		9752794620E0CA240013FBB3 /* Release */ = {
			isa = XCBuildConfiguration;
			buildSettings = {
				ASSETCATALOG_COMPILER_APPICON_NAME = AppIcon;
				CODE_SIGN_STYLE = Automatic;
				DEVELOPMENT_TEAM = P72ZUNZG2W;
				INFOPLIST_FILE = MPMediaQueryDemo/Info.plist;
				LD_RUNPATH_SEARCH_PATHS = (
					"$(inherited)",
					"@executable_path/Frameworks",
				);
				PRODUCT_BUNDLE_IDENTIFIER = S2G.MPMediaQueryDemo;
				PRODUCT_NAME = "$(TARGET_NAME)";
				SWIFT_VERSION = 4.0;
				TARGETED_DEVICE_FAMILY = "1,2";
			};
			name = Release;
		};
		9752794820E0CA240013FBB3 /* Debug */ = {
			isa = XCBuildConfiguration;
			buildSettings = {
				ALWAYS_EMBED_SWIFT_STANDARD_LIBRARIES = YES;
				BUNDLE_LOADER = "$(TEST_HOST)";
				CODE_SIGN_STYLE = Automatic;
				DEVELOPMENT_TEAM = P72ZUNZG2W;
				INFOPLIST_FILE = MPMediaQueryDemoTests/Info.plist;
				LD_RUNPATH_SEARCH_PATHS = (
					"$(inherited)",
					"@executable_path/Frameworks",
					"@loader_path/Frameworks",
				);
				PRODUCT_BUNDLE_IDENTIFIER = S2G.MPMediaQueryDemoTests;
				PRODUCT_NAME = "$(TARGET_NAME)";
				SWIFT_VERSION = 4.0;
				TARGETED_DEVICE_FAMILY = "1,2";
				TEST_HOST = "$(BUILT_PRODUCTS_DIR)/MPMediaQueryDemo.app/MPMediaQueryDemo";
			};
			name = Debug;
		};
		9752794920E0CA240013FBB3 /* Release */ = {
			isa = XCBuildConfiguration;
			buildSettings = {
				ALWAYS_EMBED_SWIFT_STANDARD_LIBRARIES = YES;
				BUNDLE_LOADER = "$(TEST_HOST)";
				CODE_SIGN_STYLE = Automatic;
				DEVELOPMENT_TEAM = P72ZUNZG2W;
				INFOPLIST_FILE = MPMediaQueryDemoTests/Info.plist;
				LD_RUNPATH_SEARCH_PATHS = (
					"$(inherited)",
					"@executable_path/Frameworks",
					"@loader_path/Frameworks",
				);
				PRODUCT_BUNDLE_IDENTIFIER = S2G.MPMediaQueryDemoTests;
				PRODUCT_NAME = "$(TARGET_NAME)";
				SWIFT_VERSION = 4.0;
				TARGETED_DEVICE_FAMILY = "1,2";
				TEST_HOST = "$(BUILT_PRODUCTS_DIR)/MPMediaQueryDemo.app/MPMediaQueryDemo";
			};
			name = Release;
		};
		9752794B20E0CA240013FBB3 /* Debug */ = {
			isa = XCBuildConfiguration;
			buildSettings = {
				ALWAYS_EMBED_SWIFT_STANDARD_LIBRARIES = YES;
				CODE_SIGN_STYLE = Automatic;
				DEVELOPMENT_TEAM = P72ZUNZG2W;
				INFOPLIST_FILE = MPMediaQueryDemoUITests/Info.plist;
				LD_RUNPATH_SEARCH_PATHS = (
					"$(inherited)",
					"@executable_path/Frameworks",
					"@loader_path/Frameworks",
				);
				PRODUCT_BUNDLE_IDENTIFIER = S2G.MPMediaQueryDemoUITests;
				PRODUCT_NAME = "$(TARGET_NAME)";
				SWIFT_VERSION = 4.0;
				TARGETED_DEVICE_FAMILY = "1,2";
				TEST_TARGET_NAME = MPMediaQueryDemo;
			};
			name = Debug;
		};
		9752794C20E0CA240013FBB3 /* Release */ = {
			isa = XCBuildConfiguration;
			buildSettings = {
				ALWAYS_EMBED_SWIFT_STANDARD_LIBRARIES = YES;
				CODE_SIGN_STYLE = Automatic;
				DEVELOPMENT_TEAM = P72ZUNZG2W;
				INFOPLIST_FILE = MPMediaQueryDemoUITests/Info.plist;
				LD_RUNPATH_SEARCH_PATHS = (
					"$(inherited)",
					"@executable_path/Frameworks",
					"@loader_path/Frameworks",
				);
				PRODUCT_BUNDLE_IDENTIFIER = S2G.MPMediaQueryDemoUITests;
				PRODUCT_NAME = "$(TARGET_NAME)";
				SWIFT_VERSION = 4.0;
				TARGETED_DEVICE_FAMILY = "1,2";
				TEST_TARGET_NAME = MPMediaQueryDemo;
			};
			name = Release;
		};
/* End XCBuildConfiguration section */

/* Begin XCConfigurationList section */
		9752791720E0CA230013FBB3 /* Build configuration list for PBXProject "MPMediaQueryDemo" */ = {
			isa = XCConfigurationList;
			buildConfigurations = (
				9752794220E0CA240013FBB3 /* Debug */,
				9752794320E0CA240013FBB3 /* Release */,
			);
			defaultConfigurationIsVisible = 0;
			defaultConfigurationName = Release;
		};
		9752794420E0CA240013FBB3 /* Build configuration list for PBXNativeTarget "MPMediaQueryDemo" */ = {
			isa = XCConfigurationList;
			buildConfigurations = (
				9752794520E0CA240013FBB3 /* Debug */,
				9752794620E0CA240013FBB3 /* Release */,
			);
			defaultConfigurationIsVisible = 0;
			defaultConfigurationName = Release;
		};
		9752794720E0CA240013FBB3 /* Build configuration list for PBXNativeTarget "MPMediaQueryDemoTests" */ = {
			isa = XCConfigurationList;
			buildConfigurations = (
				9752794820E0CA240013FBB3 /* Debug */,
				9752794920E0CA240013FBB3 /* Release */,
			);
			defaultConfigurationIsVisible = 0;
			defaultConfigurationName = Release;
		};
		9752794A20E0CA240013FBB3 /* Build configuration list for PBXNativeTarget "MPMediaQueryDemoUITests" */ = {
			isa = XCConfigurationList;
			buildConfigurations = (
				9752794B20E0CA240013FBB3 /* Debug */,
				9752794C20E0CA240013FBB3 /* Release */,
			);
			defaultConfigurationIsVisible = 0;
			defaultConfigurationName = Release;
		};
/* End XCConfigurationList section */
	};
	rootObject = 9752791420E0CA230013FBB3 /* Project object */;
}
